
Microsoft Visual Studio Solution File, Format Version 12.00
# Visual Studio Version 17
VisualStudioVersion = 17.4.33103.184
MinimumVisualStudioVersion = 10.0.40219.1
Project("{9A19103F-16F7-4668-BE54-9A1E7A4F7556}") = "Unik.Api", "Unik.Api\Unik.Api.csproj", "{F689DB6E-F286-4ADC-BF19-7DEE68E37BFF}"
EndProject
Project("{9A19103F-16F7-4668-BE54-9A1E7A4F7556}") = "Unik.Webapp", "Unik.Webapp\Unik.Webapp.csproj", "{9B4A90D4-B6EC-4E94-BB27-0851E90A47B1}"
EndProject
Project("{9A19103F-16F7-4668-BE54-9A1E7A4F7556}") = "Unik.SqlServerContext", "Unik.SqlServerContext\Unik.SqlServerContext.csproj", "{2BDC09CA-B539-4335-B265-14AD2561000E}"
EndProject
Project("{9A19103F-16F7-4668-BE54-9A1E7A4F7556}") = "Unik.SqlServerContext.Migrations", "Unik.SqlServerContext.Migrations\Unik.SqlServerContext.Migrations.csproj", "{9E46F30F-C418-4B33-8365-37856DB14629}"
EndProject
Project("{9A19103F-16F7-4668-BE54-9A1E7A4F7556}") = "Unik.UserContext", "Unik.UserContext\Unik.UserContext.csproj", "{85F29C25-6997-4548-98B0-884BA5087546}"
EndProject
Project("{9A19103F-16F7-4668-BE54-9A1E7A4F7556}") = "Unik.UserContext.Migrations", "Unik.UserContext.Migrations\Unik.UserContext.Migrations.csproj", "{89A1E18E-47EC-43CF-9706-546892FFE6A7}"
EndProject
Project("{2150E333-8FDC-42A3-9474-1A3956D46DE8}") = "Features", "Features", "{DDEC1CE4-135C-4B4A-9EC1-0B36F4F6AC54}"
EndProject
Project("{2150E333-8FDC-42A3-9474-1A3956D46DE8}") = "Unik", "Unik", "{37A9A5B4-0D73-450A-9586-FDF84CD9F9BB}"
EndProject
Project("{9A19103F-16F7-4668-BE54-9A1E7A4F7556}") = "Unik.Application", "Unik.Application\Unik.Application.csproj", "{D6D5C75E-C4EA-4F32-A7DC-B4B9AA2A3D0F}"
EndProject
Project("{9A19103F-16F7-4668-BE54-9A1E7A4F7556}") = "Unik.Domain", "Unik.Domain\Unik.Domain.csproj", "{5F6A37F2-AF02-4CBE-81E2-5A6B3B35F4AA}"
EndProject
Project("{9A19103F-16F7-4668-BE54-9A1E7A4F7556}") = "Unik.Domain.Tests", "Unik.Domain.Tests\Unik.Domain.Tests.csproj", "{8792A68A-5350-4B37-9E37-DDB65EB5792A}"
EndProject
Project("{9A19103F-16F7-4668-BE54-9A1E7A4F7556}") = "Unik.Infrastructure", "Unik.Infrastructure\Unik.Infrastructure.csproj", "{73FF724E-772B-4524-B9BD-3299E84B0D4B}"
EndProject
Project("{9A19103F-16F7-4668-BE54-9A1E7A4F7556}") = "Unik.Crosscut", "Unik.Crosscut\Unik.Crosscut.csproj", "{706CE39F-4739-4BE5-837C-59962F1E05BF}"
EndProject
Project("{2150E333-8FDC-42A3-9474-1A3956D46DE8}") = "Solution Items", "Solution Items", "{42E779D6-C71E-40C9-B9F3-860261762C12}"
	ProjectSection(SolutionItems) = preProject
		docker-compose.yaml = docker-compose.yaml
	EndProjectSection
EndProject
Global
	GlobalSection(SolutionConfigurationPlatforms) = preSolution
		Debug|Any CPU = Debug|Any CPU
		Release|Any CPU = Release|Any CPU
	EndGlobalSection
	GlobalSection(ProjectConfigurationPlatforms) = postSolution
		{F689DB6E-F286-4ADC-BF19-7DEE68E37BFF}.Debug|Any CPU.ActiveCfg = Debug|Any CPU
		{F689DB6E-F286-4ADC-BF19-7DEE68E37BFF}.Debug|Any CPU.Build.0 = Debug|Any CPU
		{F689DB6E-F286-4ADC-BF19-7DEE68E37BFF}.Release|Any CPU.ActiveCfg = Release|Any CPU
		{F689DB6E-F286-4ADC-BF19-7DEE68E37BFF}.Release|Any CPU.Build.0 = Release|Any CPU
		{9B4A90D4-B6EC-4E94-BB27-0851E90A47B1}.Debug|Any CPU.ActiveCfg = Debug|Any CPU
		{9B4A90D4-B6EC-4E94-BB27-0851E90A47B1}.Debug|Any CPU.Build.0 = Debug|Any CPU
		{9B4A90D4-B6EC-4E94-BB27-0851E90A47B1}.Release|Any CPU.ActiveCfg = Release|Any CPU
		{9B4A90D4-B6EC-4E94-BB27-0851E90A47B1}.Release|Any CPU.Build.0 = Release|Any CPU
		{2BDC09CA-B539-4335-B265-14AD2561000E}.Debug|Any CPU.ActiveCfg = Debug|Any CPU
		{2BDC09CA-B539-4335-B265-14AD2561000E}.Debug|Any CPU.Build.0 = Debug|Any CPU
		{2BDC09CA-B539-4335-B265-14AD2561000E}.Release|Any CPU.ActiveCfg = Release|Any CPU
		{2BDC09CA-B539-4335-B265-14AD2561000E}.Release|Any CPU.Build.0 = Release|Any CPU
		{9E46F30F-C418-4B33-8365-37856DB14629}.Debug|Any CPU.ActiveCfg = Debug|Any CPU
		{9E46F30F-C418-4B33-8365-37856DB14629}.Debug|Any CPU.Build.0 = Debug|Any CPU
		{9E46F30F-C418-4B33-8365-37856DB14629}.Release|Any CPU.ActiveCfg = Release|Any CPU
		{9E46F30F-C418-4B33-8365-37856DB14629}.Release|Any CPU.Build.0 = Release|Any CPU
		{85F29C25-6997-4548-98B0-884BA5087546}.Debug|Any CPU.ActiveCfg = Debug|Any CPU
		{85F29C25-6997-4548-98B0-884BA5087546}.Debug|Any CPU.Build.0 = Debug|Any CPU
		{85F29C25-6997-4548-98B0-884BA5087546}.Release|Any CPU.ActiveCfg = Release|Any CPU
		{85F29C25-6997-4548-98B0-884BA5087546}.Release|Any CPU.Build.0 = Release|Any CPU
		{89A1E18E-47EC-43CF-9706-546892FFE6A7}.Debug|Any CPU.ActiveCfg = Debug|Any CPU
		{89A1E18E-47EC-43CF-9706-546892FFE6A7}.Debug|Any CPU.Build.0 = Debug|Any CPU
		{89A1E18E-47EC-43CF-9706-546892FFE6A7}.Release|Any CPU.ActiveCfg = Release|Any CPU
		{89A1E18E-47EC-43CF-9706-546892FFE6A7}.Release|Any CPU.Build.0 = Release|Any CPU
		{D6D5C75E-C4EA-4F32-A7DC-B4B9AA2A3D0F}.Debug|Any CPU.ActiveCfg = Debug|Any CPU
		{D6D5C75E-C4EA-4F32-A7DC-B4B9AA2A3D0F}.Debug|Any CPU.Build.0 = Debug|Any CPU
		{D6D5C75E-C4EA-4F32-A7DC-B4B9AA2A3D0F}.Release|Any CPU.ActiveCfg = Release|Any CPU
		{D6D5C75E-C4EA-4F32-A7DC-B4B9AA2A3D0F}.Release|Any CPU.Build.0 = Release|Any CPU
		{5F6A37F2-AF02-4CBE-81E2-5A6B3B35F4AA}.Debug|Any CPU.ActiveCfg = Debug|Any CPU
		{5F6A37F2-AF02-4CBE-81E2-5A6B3B35F4AA}.Debug|Any CPU.Build.0 = Debug|Any CPU
		{5F6A37F2-AF02-4CBE-81E2-5A6B3B35F4AA}.Release|Any CPU.ActiveCfg = Release|Any CPU
		{5F6A37F2-AF02-4CBE-81E2-5A6B3B35F4AA}.Release|Any CPU.Build.0 = Release|Any CPU
		{8792A68A-5350-4B37-9E37-DDB65EB5792A}.Debug|Any CPU.ActiveCfg = Debug|Any CPU
		{8792A68A-5350-4B37-9E37-DDB65EB5792A}.Debug|Any CPU.Build.0 = Debug|Any CPU
		{8792A68A-5350-4B37-9E37-DDB65EB5792A}.Release|Any CPU.ActiveCfg = Release|Any CPU
		{8792A68A-5350-4B37-9E37-DDB65EB5792A}.Release|Any CPU.Build.0 = Release|Any CPU
		{73FF724E-772B-4524-B9BD-3299E84B0D4B}.Debug|Any CPU.ActiveCfg = Debug|Any CPU
		{73FF724E-772B-4524-B9BD-3299E84B0D4B}.Debug|Any CPU.Build.0 = Debug|Any CPU
		{73FF724E-772B-4524-B9BD-3299E84B0D4B}.Release|Any CPU.ActiveCfg = Release|Any CPU
		{73FF724E-772B-4524-B9BD-3299E84B0D4B}.Release|Any CPU.Build.0 = Release|Any CPU
		{706CE39F-4739-4BE5-837C-59962F1E05BF}.Debug|Any CPU.ActiveCfg = Debug|Any CPU
		{706CE39F-4739-4BE5-837C-59962F1E05BF}.Debug|Any CPU.Build.0 = Debug|Any CPU
		{706CE39F-4739-4BE5-837C-59962F1E05BF}.Release|Any CPU.ActiveCfg = Release|Any CPU
		{706CE39F-4739-4BE5-837C-59962F1E05BF}.Release|Any CPU.Build.0 = Release|Any CPU
	EndGlobalSection
	GlobalSection(SolutionProperties) = preSolution
		HideSolutionNode = FALSE
	EndGlobalSection
	GlobalSection(NestedProjects) = preSolution
		{37A9A5B4-0D73-450A-9586-FDF84CD9F9BB} = {DDEC1CE4-135C-4B4A-9EC1-0B36F4F6AC54}
		{D6D5C75E-C4EA-4F32-A7DC-B4B9AA2A3D0F} = {37A9A5B4-0D73-450A-9586-FDF84CD9F9BB}
		{5F6A37F2-AF02-4CBE-81E2-5A6B3B35F4AA} = {37A9A5B4-0D73-450A-9586-FDF84CD9F9BB}
		{8792A68A-5350-4B37-9E37-DDB65EB5792A} = {37A9A5B4-0D73-450A-9586-FDF84CD9F9BB}
		{73FF724E-772B-4524-B9BD-3299E84B0D4B} = {37A9A5B4-0D73-450A-9586-FDF84CD9F9BB}
		{706CE39F-4739-4BE5-837C-59962F1E05BF} = {DDEC1CE4-135C-4B4A-9EC1-0B36F4F6AC54}
	EndGlobalSection
	GlobalSection(ExtensibilityGlobals) = postSolution
		SolutionGuid = {F3ECDB1B-86C1-4513-B012-1BC074D86DF8}
	EndGlobalSection
EndGlobal
